
Microsoft Visual Studio Solution File, Format Version 12.00
# Visual Studio Version 17
VisualStudioVersion = 17.5.33502.453
MinimumVisualStudioVersion = 10.0.40219.1
Project("{9A19103F-16F7-4668-BE54-9A1E7A4F7556}") = "GrouperLib.Backend", "GrouperLib.Backend\GrouperLib.Backend.csproj", "{194762EB-EDD7-48C0-BB58-3E966E665FE3}"
EndProject
Project("{9A19103F-16F7-4668-BE54-9A1E7A4F7556}") = "CompileTarget", "CompileTarget\CompileTarget.csproj", "{3E094A1D-CF20-4521-8200-92CC252AA65F}"
EndProject
Project("{9A19103F-16F7-4668-BE54-9A1E7A4F7556}") = "GrouperLib.Config", "GrouperLib.Config\GrouperLib.Config.csproj", "{055F86F6-C062-478B-A754-8BA2FBA2FB39}"
EndProject
Project("{9A19103F-16F7-4668-BE54-9A1E7A4F7556}") = "GrouperLib.Core", "GrouperLib.Core\GrouperLib.Core.csproj", "{73E8BD0E-0CB0-4C5F-9B20-BFCD4AD62EFC}"
EndProject
Project("{9A19103F-16F7-4668-BE54-9A1E7A4F7556}") = "GrouperLib.Database", "GrouperLib.Database\GrouperLib.Database.csproj", "{F1B488BE-CF98-4BEA-A0FD-E025BC66FF3B}"
EndProject
Project("{9A19103F-16F7-4668-BE54-9A1E7A4F7556}") = "GrouperLib.Language", "GrouperLib.Language\GrouperLib.Language.csproj", "{AB51D5CB-C888-459A-AF78-4957436C008F}"
EndProject
Project("{9A19103F-16F7-4668-BE54-9A1E7A4F7556}") = "GrouperLib.Store", "GrouperLib.Store\GrouperLib.Store.csproj", "{460168F6-C03E-45BA-AE7C-21C1B193DFA8}"
EndProject
Project("{9A19103F-16F7-4668-BE54-9A1E7A4F7556}") = "GrouperLib.Test", "GrouperLib.Test\GrouperLib.Test.csproj", "{A46B86FC-270B-4461-BAC6-E2D1ECA9BA43}"
EndProject
Project("{FAE04EC0-301F-11D3-BF4B-00C04F79EFBC}") = "GrouperLib.DocumentValidator", "GrouperLib.DocumentValidator\GrouperLib.DocumentValidator.csproj", "{F6AED268-9FE5-4442-92D4-AAF60E366592}"
EndProject
Global
	GlobalSection(SolutionConfigurationPlatforms) = preSolution
		Debug|Any CPU = Debug|Any CPU
		Release|Any CPU = Release|Any CPU
	EndGlobalSection
	GlobalSection(ProjectConfigurationPlatforms) = postSolution
		{194762EB-EDD7-48C0-BB58-3E966E665FE3}.Debug|Any CPU.ActiveCfg = Debug|Any CPU
		{194762EB-EDD7-48C0-BB58-3E966E665FE3}.Debug|Any CPU.Build.0 = Debug|Any CPU
		{194762EB-EDD7-48C0-BB58-3E966E665FE3}.Release|Any CPU.ActiveCfg = Release|Any CPU
		{194762EB-EDD7-48C0-BB58-3E966E665FE3}.Release|Any CPU.Build.0 = Release|Any CPU
		{3E094A1D-CF20-4521-8200-92CC252AA65F}.Debug|Any CPU.ActiveCfg = Debug|Any CPU
		{3E094A1D-CF20-4521-8200-92CC252AA65F}.Debug|Any CPU.Build.0 = Debug|Any CPU
		{3E094A1D-CF20-4521-8200-92CC252AA65F}.Release|Any CPU.ActiveCfg = Release|Any CPU
		{3E094A1D-CF20-4521-8200-92CC252AA65F}.Release|Any CPU.Build.0 = Release|Any CPU
		{055F86F6-C062-478B-A754-8BA2FBA2FB39}.Debug|Any CPU.ActiveCfg = Debug|Any CPU
		{055F86F6-C062-478B-A754-8BA2FBA2FB39}.Debug|Any CPU.Build.0 = Debug|Any CPU
		{055F86F6-C062-478B-A754-8BA2FBA2FB39}.Release|Any CPU.ActiveCfg = Release|Any CPU
		{055F86F6-C062-478B-A754-8BA2FBA2FB39}.Release|Any CPU.Build.0 = Release|Any CPU
		{73E8BD0E-0CB0-4C5F-9B20-BFCD4AD62EFC}.Debug|Any CPU.ActiveCfg = Debug|Any CPU
		{73E8BD0E-0CB0-4C5F-9B20-BFCD4AD62EFC}.Debug|Any CPU.Build.0 = Debug|Any CPU
		{73E8BD0E-0CB0-4C5F-9B20-BFCD4AD62EFC}.Release|Any CPU.ActiveCfg = Release|Any CPU
		{73E8BD0E-0CB0-4C5F-9B20-BFCD4AD62EFC}.Release|Any CPU.Build.0 = Release|Any CPU
		{F1B488BE-CF98-4BEA-A0FD-E025BC66FF3B}.Debug|Any CPU.ActiveCfg = Debug|Any CPU
		{F1B488BE-CF98-4BEA-A0FD-E025BC66FF3B}.Debug|Any CPU.Build.0 = Debug|Any CPU
		{F1B488BE-CF98-4BEA-A0FD-E025BC66FF3B}.Release|Any CPU.ActiveCfg = Release|Any CPU
		{F1B488BE-CF98-4BEA-A0FD-E025BC66FF3B}.Release|Any CPU.Build.0 = Release|Any CPU
		{AB51D5CB-C888-459A-AF78-4957436C008F}.Debug|Any CPU.ActiveCfg = Debug|Any CPU
		{AB51D5CB-C888-459A-AF78-4957436C008F}.Debug|Any CPU.Build.0 = Debug|Any CPU
		{AB51D5CB-C888-459A-AF78-4957436C008F}.Release|Any CPU.ActiveCfg = Release|Any CPU
		{AB51D5CB-C888-459A-AF78-4957436C008F}.Release|Any CPU.Build.0 = Release|Any CPU
		{460168F6-C03E-45BA-AE7C-21C1B193DFA8}.Debug|Any CPU.ActiveCfg = Debug|Any CPU
		{460168F6-C03E-45BA-AE7C-21C1B193DFA8}.Debug|Any CPU.Build.0 = Debug|Any CPU
		{460168F6-C03E-45BA-AE7C-21C1B193DFA8}.Release|Any CPU.ActiveCfg = Release|Any CPU
		{460168F6-C03E-45BA-AE7C-21C1B193DFA8}.Release|Any CPU.Build.0 = Release|Any CPU
		{A46B86FC-270B-4461-BAC6-E2D1ECA9BA43}.Debug|Any CPU.ActiveCfg = Debug|Any CPU
		{A46B86FC-270B-4461-BAC6-E2D1ECA9BA43}.Debug|Any CPU.Build.0 = Debug|Any CPU
		{A46B86FC-270B-4461-BAC6-E2D1ECA9BA43}.Release|Any CPU.ActiveCfg = Release|Any CPU
		{A46B86FC-270B-4461-BAC6-E2D1ECA9BA43}.Release|Any CPU.Build.0 = Release|Any CPU
		{F6AED268-9FE5-4442-92D4-AAF60E366592}.Debug|Any CPU.ActiveCfg = Debug|Any CPU
		{F6AED268-9FE5-4442-92D4-AAF60E366592}.Debug|Any CPU.Build.0 = Debug|Any CPU
		{F6AED268-9FE5-4442-92D4-AAF60E366592}.Release|Any CPU.ActiveCfg = Release|Any CPU
		{F6AED268-9FE5-4442-92D4-AAF60E366592}.Release|Any CPU.Build.0 = Release|Any CPU
	EndGlobalSection
	GlobalSection(SolutionProperties) = preSolution
		HideSolutionNode = FALSE
	EndGlobalSection
	GlobalSection(ExtensibilityGlobals) = postSolution
		SolutionGuid = {FC105852-D391-4D72-8D98-926E991B9443}
	EndGlobalSection
EndGlobal
